
Microsoft Visual Studio Solution File, Format Version 12.00
# Visual Studio Version 17
VisualStudioVersion = 17.2.32516.85
MinimumVisualStudioVersion = 10.0.40219.1
Project("{2150E333-8FDC-42A3-9474-1A3956D46DE8}") = "Customer", "Customer", "{991679BE-DA62-4C3E-AFCE-68079009CC89}"
EndProject
Project("{2150E333-8FDC-42A3-9474-1A3956D46DE8}") = "Product", "Product", "{C99E9355-CBB5-4EAC-8FFC-488A6580734D}"
EndProject
Project("{2150E333-8FDC-42A3-9474-1A3956D46DE8}") = "Order", "Order", "{2A12406E-2C76-43F9-82EE-496590DEC95A}"
EndProject
Project("{2150E333-8FDC-42A3-9474-1A3956D46DE8}") = "Payment", "Payment", "{D615B0A2-90BD-4697-8AB4-CE711C68295D}"
EndProject
Project("{2150E333-8FDC-42A3-9474-1A3956D46DE8}") = "Shipment", "Shipment", "{C7E8BDF6-5C62-4B38-BE77-AFF0969F3113}"
EndProject
Project("{2150E333-8FDC-42A3-9474-1A3956D46DE8}") = "Delivery", "Delivery", "{F5CC6770-2FE0-4418-B87C-8190FED7040B}"
EndProject
Project("{9A19103F-16F7-4668-BE54-9A1E7A4F7556}") = "Customer.Test", "Customer\Customer.Test\Customer.Test.csproj", "{D9AF1A98-5450-44E5-9617-7D2B44D15803}"
EndProject
Project("{9A19103F-16F7-4668-BE54-9A1E7A4F7556}") = "Customer.Application", "Customer\Customer.Application\Customer.Application.csproj", "{0DEF0949-42B3-4F6B-99F3-5A269191FB04}"
EndProject
Project("{9A19103F-16F7-4668-BE54-9A1E7A4F7556}") = "Customer.Domain", "Customer\Customer.Domain\Customer.Domain.csproj", "{2B16C87F-F1AD-41E5-B304-272723FFC530}"
EndProject
Project("{9A19103F-16F7-4668-BE54-9A1E7A4F7556}") = "Customer.Repository", "Customer\Customer.Repository\Customer.Repository.csproj", "{78732768-653F-4548-8B9A-97CFBAF7557C}"
EndProject
Project("{2150E333-8FDC-42A3-9474-1A3956D46DE8}") = "ソリューション項目", "ソリューション項目", "{A5A4C97D-6DA1-42E8-87C8-7D41A0E9AF61}"
	ProjectSection(SolutionItems) = preProject
		README.md = README.md
	EndProjectSection
EndProject
Project("{2150E333-8FDC-42A3-9474-1A3956D46DE8}") = "assets", "assets", "{2A2349A8-2E30-41B8-80A5-B50956C660C7}"
EndProject
Project("{FAE04EC0-301F-11D3-BF4B-00C04F79EFBC}") = "Delivery.Application", "Delivery\Delivery.Application\Delivery.Application.csproj", "{2090FDAA-4801-4F31-9703-FAF3215EC1BB}"
EndProject
Project("{FAE04EC0-301F-11D3-BF4B-00C04F79EFBC}") = "Delivery.Domain", "Delivery\Delivery.Domain\Delivery.Domain.csproj", "{F479EC39-7E67-41AC-9599-5B8D1724AEE8}"
EndProject
Project("{FAE04EC0-301F-11D3-BF4B-00C04F79EFBC}") = "Delivery.Repository", "Delivery\Delivery.Repository\Delivery.Repository.csproj", "{BD334C8B-96BD-4F13-9D89-8FBFC214741A}"
EndProject
Project("{FAE04EC0-301F-11D3-BF4B-00C04F79EFBC}") = "Order.Application", "Order\Order.Application\Order.Application.csproj", "{C0DD0993-8576-4C7E-9F09-3532C2D7F99E}"
EndProject
Project("{FAE04EC0-301F-11D3-BF4B-00C04F79EFBC}") = "Order.Domain", "Order\Order.Domain\Order.Domain.csproj", "{816A7E63-C3BA-4F38-B280-A3D77645071A}"
EndProject
Project("{FAE04EC0-301F-11D3-BF4B-00C04F79EFBC}") = "Order.Repository", "Order\Order.Repository\Order.Repository.csproj", "{B8A159F1-A975-423B-8F8D-F1508C6EB25E}"
EndProject
Project("{FAE04EC0-301F-11D3-BF4B-00C04F79EFBC}") = "Payment.Application", "Payment\Payment.Application\Payment.Application.csproj", "{E51CC200-8721-40FF-9E95-D67278A12368}"
EndProject
Project("{FAE04EC0-301F-11D3-BF4B-00C04F79EFBC}") = "Payment.Domain", "Payment\Payment.Domain\Payment.Domain.csproj", "{0C0D470E-76A7-4887-B29F-18F4EF35345D}"
EndProject
Project("{FAE04EC0-301F-11D3-BF4B-00C04F79EFBC}") = "Payment.Repository", "Payment\Payment.Repository\Payment.Repository.csproj", "{961C69C1-2FD1-45AA-A233-BBC3E6CA3E43}"
EndProject
Project("{FAE04EC0-301F-11D3-BF4B-00C04F79EFBC}") = "Product.Application", "Product\Product.Application\Product.Application.csproj", "{EFCFFF4A-D6D0-40C8-96BA-04C741100EC1}"
EndProject
Project("{FAE04EC0-301F-11D3-BF4B-00C04F79EFBC}") = "Product.Domain", "Product\Product.Domain\Product.Domain.csproj", "{43DD0AE4-BDC8-4319-88D8-5AA7E6B1A4C6}"
EndProject
Project("{FAE04EC0-301F-11D3-BF4B-00C04F79EFBC}") = "Product.Repository", "Product\Product.Repository\Product.Repository.csproj", "{6C19BE93-B88E-4741-A05C-22AC49934D47}"
EndProject
Project("{FAE04EC0-301F-11D3-BF4B-00C04F79EFBC}") = "Shipment.Domain", "Shipment\Shipment.Domain\Shipment.Domain.csproj", "{405C590B-FA56-4FD4-B0FC-EE92B77051FC}"
EndProject
Project("{FAE04EC0-301F-11D3-BF4B-00C04F79EFBC}") = "Shipment.Application", "Shipment\Shipment.Application\Shipment.Application.csproj", "{18CB67D4-6963-4D3F-BBA6-0F9DD0594E51}"
EndProject
Project("{FAE04EC0-301F-11D3-BF4B-00C04F79EFBC}") = "Shipment.Repository", "Shipment\Shipment.Repository\Shipment.Repository.csproj", "{D9052A84-D14C-4963-9420-1FFEC74739D8}"
EndProject
Project("{FAE04EC0-301F-11D3-BF4B-00C04F79EFBC}") = "Shipment.Test", "Shipment\Shipment.Test\Shipment.Test.csproj", "{E7A675B5-7ABE-42ED-A6E1-8789308B021A}"
EndProject
Project("{FAE04EC0-301F-11D3-BF4B-00C04F79EFBC}") = "Product.Test", "Product\Product.Test\Product.Test.csproj", "{1BE3651A-F99C-4B9A-A1CE-FB02FDB753D1}"
EndProject
Project("{FAE04EC0-301F-11D3-BF4B-00C04F79EFBC}") = "Payment.Test", "Payment\Payment.Test\Payment.Test.csproj", "{98630402-D3C3-49A9-87B1-BE9D7B01101B}"
EndProject
Project("{FAE04EC0-301F-11D3-BF4B-00C04F79EFBC}") = "Order.Test", "Order\Order.Test\Order.Test.csproj", "{DB51475F-583A-4E9B-ACDF-4078801EAECA}"
EndProject
Project("{FAE04EC0-301F-11D3-BF4B-00C04F79EFBC}") = "Delivery.Test", "Delivery\Delivery.Test\Delivery.Test.csproj", "{7F35C8C4-B7D7-47AF-916A-CAF91A1C0BBB}"
EndProject
Global
	GlobalSection(SolutionConfigurationPlatforms) = preSolution
		Debug|Any CPU = Debug|Any CPU
		Release|Any CPU = Release|Any CPU
	EndGlobalSection
	GlobalSection(ProjectConfigurationPlatforms) = postSolution
		{D9AF1A98-5450-44E5-9617-7D2B44D15803}.Debug|Any CPU.ActiveCfg = Debug|Any CPU
		{D9AF1A98-5450-44E5-9617-7D2B44D15803}.Debug|Any CPU.Build.0 = Debug|Any CPU
		{D9AF1A98-5450-44E5-9617-7D2B44D15803}.Release|Any CPU.ActiveCfg = Release|Any CPU
		{D9AF1A98-5450-44E5-9617-7D2B44D15803}.Release|Any CPU.Build.0 = Release|Any CPU
		{0DEF0949-42B3-4F6B-99F3-5A269191FB04}.Debug|Any CPU.ActiveCfg = Debug|Any CPU
		{0DEF0949-42B3-4F6B-99F3-5A269191FB04}.Debug|Any CPU.Build.0 = Debug|Any CPU
		{0DEF0949-42B3-4F6B-99F3-5A269191FB04}.Release|Any CPU.ActiveCfg = Release|Any CPU
		{0DEF0949-42B3-4F6B-99F3-5A269191FB04}.Release|Any CPU.Build.0 = Release|Any CPU
		{2B16C87F-F1AD-41E5-B304-272723FFC530}.Debug|Any CPU.ActiveCfg = Debug|Any CPU
		{2B16C87F-F1AD-41E5-B304-272723FFC530}.Debug|Any CPU.Build.0 = Debug|Any CPU
		{2B16C87F-F1AD-41E5-B304-272723FFC530}.Release|Any CPU.ActiveCfg = Release|Any CPU
		{2B16C87F-F1AD-41E5-B304-272723FFC530}.Release|Any CPU.Build.0 = Release|Any CPU
		{78732768-653F-4548-8B9A-97CFBAF7557C}.Debug|Any CPU.ActiveCfg = Debug|Any CPU
		{78732768-653F-4548-8B9A-97CFBAF7557C}.Debug|Any CPU.Build.0 = Debug|Any CPU
		{78732768-653F-4548-8B9A-97CFBAF7557C}.Release|Any CPU.ActiveCfg = Release|Any CPU
		{78732768-653F-4548-8B9A-97CFBAF7557C}.Release|Any CPU.Build.0 = Release|Any CPU
		{2090FDAA-4801-4F31-9703-FAF3215EC1BB}.Debug|Any CPU.ActiveCfg = Debug|Any CPU
		{2090FDAA-4801-4F31-9703-FAF3215EC1BB}.Debug|Any CPU.Build.0 = Debug|Any CPU
		{2090FDAA-4801-4F31-9703-FAF3215EC1BB}.Release|Any CPU.ActiveCfg = Release|Any CPU
		{2090FDAA-4801-4F31-9703-FAF3215EC1BB}.Release|Any CPU.Build.0 = Release|Any CPU
		{F479EC39-7E67-41AC-9599-5B8D1724AEE8}.Debug|Any CPU.ActiveCfg = Debug|Any CPU
		{F479EC39-7E67-41AC-9599-5B8D1724AEE8}.Debug|Any CPU.Build.0 = Debug|Any CPU
		{F479EC39-7E67-41AC-9599-5B8D1724AEE8}.Release|Any CPU.ActiveCfg = Release|Any CPU
		{F479EC39-7E67-41AC-9599-5B8D1724AEE8}.Release|Any CPU.Build.0 = Release|Any CPU
		{BD334C8B-96BD-4F13-9D89-8FBFC214741A}.Debug|Any CPU.ActiveCfg = Debug|Any CPU
		{BD334C8B-96BD-4F13-9D89-8FBFC214741A}.Debug|Any CPU.Build.0 = Debug|Any CPU
		{BD334C8B-96BD-4F13-9D89-8FBFC214741A}.Release|Any CPU.ActiveCfg = Release|Any CPU
		{BD334C8B-96BD-4F13-9D89-8FBFC214741A}.Release|Any CPU.Build.0 = Release|Any CPU
		{C0DD0993-8576-4C7E-9F09-3532C2D7F99E}.Debug|Any CPU.ActiveCfg = Debug|Any CPU
		{C0DD0993-8576-4C7E-9F09-3532C2D7F99E}.Debug|Any CPU.Build.0 = Debug|Any CPU
		{C0DD0993-8576-4C7E-9F09-3532C2D7F99E}.Release|Any CPU.ActiveCfg = Release|Any CPU
		{C0DD0993-8576-4C7E-9F09-3532C2D7F99E}.Release|Any CPU.Build.0 = Release|Any CPU
		{816A7E63-C3BA-4F38-B280-A3D77645071A}.Debug|Any CPU.ActiveCfg = Debug|Any CPU
		{816A7E63-C3BA-4F38-B280-A3D77645071A}.Debug|Any CPU.Build.0 = Debug|Any CPU
		{816A7E63-C3BA-4F38-B280-A3D77645071A}.Release|Any CPU.ActiveCfg = Release|Any CPU
		{816A7E63-C3BA-4F38-B280-A3D77645071A}.Release|Any CPU.Build.0 = Release|Any CPU
		{B8A159F1-A975-423B-8F8D-F1508C6EB25E}.Debug|Any CPU.ActiveCfg = Debug|Any CPU
		{B8A159F1-A975-423B-8F8D-F1508C6EB25E}.Debug|Any CPU.Build.0 = Debug|Any CPU
		{B8A159F1-A975-423B-8F8D-F1508C6EB25E}.Release|Any CPU.ActiveCfg = Release|Any CPU
		{B8A159F1-A975-423B-8F8D-F1508C6EB25E}.Release|Any CPU.Build.0 = Release|Any CPU
		{E51CC200-8721-40FF-9E95-D67278A12368}.Debug|Any CPU.ActiveCfg = Debug|Any CPU
		{E51CC200-8721-40FF-9E95-D67278A12368}.Debug|Any CPU.Build.0 = Debug|Any CPU
		{E51CC200-8721-40FF-9E95-D67278A12368}.Release|Any CPU.ActiveCfg = Release|Any CPU
		{E51CC200-8721-40FF-9E95-D67278A12368}.Release|Any CPU.Build.0 = Release|Any CPU
		{0C0D470E-76A7-4887-B29F-18F4EF35345D}.Debug|Any CPU.ActiveCfg = Debug|Any CPU
		{0C0D470E-76A7-4887-B29F-18F4EF35345D}.Debug|Any CPU.Build.0 = Debug|Any CPU
		{0C0D470E-76A7-4887-B29F-18F4EF35345D}.Release|Any CPU.ActiveCfg = Release|Any CPU
		{0C0D470E-76A7-4887-B29F-18F4EF35345D}.Release|Any CPU.Build.0 = Release|Any CPU
		{961C69C1-2FD1-45AA-A233-BBC3E6CA3E43}.Debug|Any CPU.ActiveCfg = Debug|Any CPU
		{961C69C1-2FD1-45AA-A233-BBC3E6CA3E43}.Debug|Any CPU.Build.0 = Debug|Any CPU
		{961C69C1-2FD1-45AA-A233-BBC3E6CA3E43}.Release|Any CPU.ActiveCfg = Release|Any CPU
		{961C69C1-2FD1-45AA-A233-BBC3E6CA3E43}.Release|Any CPU.Build.0 = Release|Any CPU
		{EFCFFF4A-D6D0-40C8-96BA-04C741100EC1}.Debug|Any CPU.ActiveCfg = Debug|Any CPU
		{EFCFFF4A-D6D0-40C8-96BA-04C741100EC1}.Debug|Any CPU.Build.0 = Debug|Any CPU
		{EFCFFF4A-D6D0-40C8-96BA-04C741100EC1}.Release|Any CPU.ActiveCfg = Release|Any CPU
		{EFCFFF4A-D6D0-40C8-96BA-04C741100EC1}.Release|Any CPU.Build.0 = Release|Any CPU
		{43DD0AE4-BDC8-4319-88D8-5AA7E6B1A4C6}.Debug|Any CPU.ActiveCfg = Debug|Any CPU
		{43DD0AE4-BDC8-4319-88D8-5AA7E6B1A4C6}.Debug|Any CPU.Build.0 = Debug|Any CPU
		{43DD0AE4-BDC8-4319-88D8-5AA7E6B1A4C6}.Release|Any CPU.ActiveCfg = Release|Any CPU
		{43DD0AE4-BDC8-4319-88D8-5AA7E6B1A4C6}.Release|Any CPU.Build.0 = Release|Any CPU
		{6C19BE93-B88E-4741-A05C-22AC49934D47}.Debug|Any CPU.ActiveCfg = Debug|Any CPU
		{6C19BE93-B88E-4741-A05C-22AC49934D47}.Debug|Any CPU.Build.0 = Debug|Any CPU
		{6C19BE93-B88E-4741-A05C-22AC49934D47}.Release|Any CPU.ActiveCfg = Release|Any CPU
		{6C19BE93-B88E-4741-A05C-22AC49934D47}.Release|Any CPU.Build.0 = Release|Any CPU
		{405C590B-FA56-4FD4-B0FC-EE92B77051FC}.Debug|Any CPU.ActiveCfg = Debug|Any CPU
		{405C590B-FA56-4FD4-B0FC-EE92B77051FC}.Debug|Any CPU.Build.0 = Debug|Any CPU
		{405C590B-FA56-4FD4-B0FC-EE92B77051FC}.Release|Any CPU.ActiveCfg = Release|Any CPU
		{405C590B-FA56-4FD4-B0FC-EE92B77051FC}.Release|Any CPU.Build.0 = Release|Any CPU
		{18CB67D4-6963-4D3F-BBA6-0F9DD0594E51}.Debug|Any CPU.ActiveCfg = Debug|Any CPU
		{18CB67D4-6963-4D3F-BBA6-0F9DD0594E51}.Debug|Any CPU.Build.0 = Debug|Any CPU
		{18CB67D4-6963-4D3F-BBA6-0F9DD0594E51}.Release|Any CPU.ActiveCfg = Release|Any CPU
		{18CB67D4-6963-4D3F-BBA6-0F9DD0594E51}.Release|Any CPU.Build.0 = Release|Any CPU
		{D9052A84-D14C-4963-9420-1FFEC74739D8}.Debug|Any CPU.ActiveCfg = Debug|Any CPU
		{D9052A84-D14C-4963-9420-1FFEC74739D8}.Debug|Any CPU.Build.0 = Debug|Any CPU
		{D9052A84-D14C-4963-9420-1FFEC74739D8}.Release|Any CPU.ActiveCfg = Release|Any CPU
		{D9052A84-D14C-4963-9420-1FFEC74739D8}.Release|Any CPU.Build.0 = Release|Any CPU
		{E7A675B5-7ABE-42ED-A6E1-8789308B021A}.Debug|Any CPU.ActiveCfg = Debug|Any CPU
		{E7A675B5-7ABE-42ED-A6E1-8789308B021A}.Debug|Any CPU.Build.0 = Debug|Any CPU
		{E7A675B5-7ABE-42ED-A6E1-8789308B021A}.Release|Any CPU.ActiveCfg = Release|Any CPU
		{E7A675B5-7ABE-42ED-A6E1-8789308B021A}.Release|Any CPU.Build.0 = Release|Any CPU
		{1BE3651A-F99C-4B9A-A1CE-FB02FDB753D1}.Debug|Any CPU.ActiveCfg = Debug|Any CPU
		{1BE3651A-F99C-4B9A-A1CE-FB02FDB753D1}.Debug|Any CPU.Build.0 = Debug|Any CPU
		{1BE3651A-F99C-4B9A-A1CE-FB02FDB753D1}.Release|Any CPU.ActiveCfg = Release|Any CPU
		{1BE3651A-F99C-4B9A-A1CE-FB02FDB753D1}.Release|Any CPU.Build.0 = Release|Any CPU
		{98630402-D3C3-49A9-87B1-BE9D7B01101B}.Debug|Any CPU.ActiveCfg = Debug|Any CPU
		{98630402-D3C3-49A9-87B1-BE9D7B01101B}.Debug|Any CPU.Build.0 = Debug|Any CPU
		{98630402-D3C3-49A9-87B1-BE9D7B01101B}.Release|Any CPU.ActiveCfg = Release|Any CPU
		{98630402-D3C3-49A9-87B1-BE9D7B01101B}.Release|Any CPU.Build.0 = Release|Any CPU
		{DB51475F-583A-4E9B-ACDF-4078801EAECA}.Debug|Any CPU.ActiveCfg = Debug|Any CPU
		{DB51475F-583A-4E9B-ACDF-4078801EAECA}.Debug|Any CPU.Build.0 = Debug|Any CPU
		{DB51475F-583A-4E9B-ACDF-4078801EAECA}.Release|Any CPU.ActiveCfg = Release|Any CPU
		{DB51475F-583A-4E9B-ACDF-4078801EAECA}.Release|Any CPU.Build.0 = Release|Any CPU
		{7F35C8C4-B7D7-47AF-916A-CAF91A1C0BBB}.Debug|Any CPU.ActiveCfg = Debug|Any CPU
		{7F35C8C4-B7D7-47AF-916A-CAF91A1C0BBB}.Debug|Any CPU.Build.0 = Debug|Any CPU
		{7F35C8C4-B7D7-47AF-916A-CAF91A1C0BBB}.Release|Any CPU.ActiveCfg = Release|Any CPU
		{7F35C8C4-B7D7-47AF-916A-CAF91A1C0BBB}.Release|Any CPU.Build.0 = Release|Any CPU
	EndGlobalSection
	GlobalSection(SolutionProperties) = preSolution
		HideSolutionNode = FALSE
	EndGlobalSection
	GlobalSection(NestedProjects) = preSolution
		{D9AF1A98-5450-44E5-9617-7D2B44D15803} = {991679BE-DA62-4C3E-AFCE-68079009CC89}
		{0DEF0949-42B3-4F6B-99F3-5A269191FB04} = {991679BE-DA62-4C3E-AFCE-68079009CC89}
		{2B16C87F-F1AD-41E5-B304-272723FFC530} = {991679BE-DA62-4C3E-AFCE-68079009CC89}
		{78732768-653F-4548-8B9A-97CFBAF7557C} = {991679BE-DA62-4C3E-AFCE-68079009CC89}
		{2090FDAA-4801-4F31-9703-FAF3215EC1BB} = {F5CC6770-2FE0-4418-B87C-8190FED7040B}
		{F479EC39-7E67-41AC-9599-5B8D1724AEE8} = {F5CC6770-2FE0-4418-B87C-8190FED7040B}
		{BD334C8B-96BD-4F13-9D89-8FBFC214741A} = {F5CC6770-2FE0-4418-B87C-8190FED7040B}
		{C0DD0993-8576-4C7E-9F09-3532C2D7F99E} = {2A12406E-2C76-43F9-82EE-496590DEC95A}
		{816A7E63-C3BA-4F38-B280-A3D77645071A} = {2A12406E-2C76-43F9-82EE-496590DEC95A}
		{B8A159F1-A975-423B-8F8D-F1508C6EB25E} = {2A12406E-2C76-43F9-82EE-496590DEC95A}
		{E51CC200-8721-40FF-9E95-D67278A12368} = {D615B0A2-90BD-4697-8AB4-CE711C68295D}
		{0C0D470E-76A7-4887-B29F-18F4EF35345D} = {D615B0A2-90BD-4697-8AB4-CE711C68295D}
		{961C69C1-2FD1-45AA-A233-BBC3E6CA3E43} = {D615B0A2-90BD-4697-8AB4-CE711C68295D}
		{EFCFFF4A-D6D0-40C8-96BA-04C741100EC1} = {C99E9355-CBB5-4EAC-8FFC-488A6580734D}
		{43DD0AE4-BDC8-4319-88D8-5AA7E6B1A4C6} = {C99E9355-CBB5-4EAC-8FFC-488A6580734D}
		{6C19BE93-B88E-4741-A05C-22AC49934D47} = {C99E9355-CBB5-4EAC-8FFC-488A6580734D}
		{405C590B-FA56-4FD4-B0FC-EE92B77051FC} = {C7E8BDF6-5C62-4B38-BE77-AFF0969F3113}
		{18CB67D4-6963-4D3F-BBA6-0F9DD0594E51} = {C7E8BDF6-5C62-4B38-BE77-AFF0969F3113}
		{D9052A84-D14C-4963-9420-1FFEC74739D8} = {C7E8BDF6-5C62-4B38-BE77-AFF0969F3113}
		{E7A675B5-7ABE-42ED-A6E1-8789308B021A} = {C7E8BDF6-5C62-4B38-BE77-AFF0969F3113}
		{1BE3651A-F99C-4B9A-A1CE-FB02FDB753D1} = {C99E9355-CBB5-4EAC-8FFC-488A6580734D}
		{98630402-D3C3-49A9-87B1-BE9D7B01101B} = {D615B0A2-90BD-4697-8AB4-CE711C68295D}
		{DB51475F-583A-4E9B-ACDF-4078801EAECA} = {2A12406E-2C76-43F9-82EE-496590DEC95A}
		{7F35C8C4-B7D7-47AF-916A-CAF91A1C0BBB} = {F5CC6770-2FE0-4418-B87C-8190FED7040B}
	EndGlobalSection
	GlobalSection(ExtensibilityGlobals) = postSolution
		SolutionGuid = {54EFBB42-F5A4-40B1-A41A-8F907CA83194}
	EndGlobalSection
EndGlobal
